{
  "name": "names",
  "version": "1.0.0",
  "lockfileVersion": 1,
  "requires": true,
  "dependencies": {
    "friendly-words": {
      "version": "1.1.10",
      "resolved": "https://registry.npmjs.org/friendly-words/-/friendly-words-1.1.10.tgz",
      "integrity": "sha512-KFrW1RS5qr7uIFF3RXITtmTHQhLA0J6htpKkoTcTSNxyXeOTio5venOr8AdOiS9KAQlxhnONcCifyJcj0kM7/A==",
      "dev": true
    }
  }
}
